<Solution>
  <Project Path="ReactiveUI.Validation/ReactiveUI.Validation.csproj" />
  <Project Path="ReactiveUI.Validation.Reactive/ReactiveUI.Validation.Reactive.csproj" />
  <Project Path="tests/ReactiveUI.Validation.Tests/ReactiveUI.Validation.Tests.csproj" />
  <Project Path="tests/ReactiveUI.Validation.Reactive.Tests/ReactiveUI.Validation.Reactive.Tests.csproj" />
</Solution>
